
Microsoft Visual Studio Solution File, Format Version 12.00
# Visual Studio 2013
VisualStudioVersion = 12.0.30723.0
MinimumVisualStudioVersion = 10.0.40219.1
Project("{FAE04EC0-301F-11D3-BF4B-00C04F79EFBC}") = "ApePI", "ApePI\ApePI.csproj", "{4D381227-739A-4939-A8E9-9B39723CD5E4}"
EndProject
Project("{FAE04EC0-301F-11D3-BF4B-00C04F79EFBC}") = "ApePI.ConsoleTesting", "ApePI.ConsoleTesting\ApePI.ConsoleTesting.csproj", "{90205783-CECC-4F39-854E-D81BDD71F3D7}"
EndProject
Project("{2150E333-8FDC-42A3-9474-1A3956D46DE8}") = "Solution Items", "Solution Items", "{CCC0D1B5-6BDA-433E-97E3-6CC45ECE3A74}"
	ProjectSection(SolutionItems) = preProject
		.gitattributes = .gitattributes
		.gitignore = .gitignore
		LICENSE.md = LICENSE.md
		README.md = README.md
	EndProjectSection
EndProject
Global
	GlobalSection(SolutionConfigurationPlatforms) = preSolution
		Debug|Any CPU = Debug|Any CPU
		Release|Any CPU = Release|Any CPU
	EndGlobalSection
	GlobalSection(ProjectConfigurationPlatforms) = postSolution
		{4D381227-739A-4939-A8E9-9B39723CD5E4}.Debug|Any CPU.ActiveCfg = Debug|Any CPU
		{4D381227-739A-4939-A8E9-9B39723CD5E4}.Debug|Any CPU.Build.0 = Debug|Any CPU
		{4D381227-739A-4939-A8E9-9B39723CD5E4}.Release|Any CPU.ActiveCfg = Release|Any CPU
		{4D381227-739A-4939-A8E9-9B39723CD5E4}.Release|Any CPU.Build.0 = Release|Any CPU
		{90205783-CECC-4F39-854E-D81BDD71F3D7}.Debug|Any CPU.ActiveCfg = Debug|Any CPU
		{90205783-CECC-4F39-854E-D81BDD71F3D7}.Debug|Any CPU.Build.0 = Debug|Any CPU
		{90205783-CECC-4F39-854E-D81BDD71F3D7}.Release|Any CPU.ActiveCfg = Release|Any CPU
		{90205783-CECC-4F39-854E-D81BDD71F3D7}.Release|Any CPU.Build.0 = Release|Any CPU
	EndGlobalSection
	GlobalSection(SolutionProperties) = preSolution
		HideSolutionNode = FALSE
	EndGlobalSection
EndGlobal
